// !$*UTF8*$!
{
	archiveVersion = 1;
	classes = {
	};
	objectVersion = 46;
	objects = {

/* Begin PBXBuildFile section */
		F4A8C62719819571001A4B4D /* Foundation.framework in Frameworks */ = {isa = PBXBuildFile; fileRef = F4A8C62619819571001A4B4D /* Foundation.framework */; };
		F4A8C62919819571001A4B4D /* CoreGraphics.framework in Frameworks */ = {isa = PBXBuildFile; fileRef = F4A8C62819819571001A4B4D /* CoreGraphics.framework */; };
		F4A8C62B19819571001A4B4D /* UIKit.framework in Frameworks */ = {isa = PBXBuildFile; fileRef = F4A8C62A19819571001A4B4D /* UIKit.framework */; };
		F4A8C63119819571001A4B4D /* InfoPlist.strings in Resources */ = {isa = PBXBuildFile; fileRef = F4A8C62F19819571001A4B4D /* InfoPlist.strings */; };
		F4A8C63319819571001A4B4D /* main.m in Sources */ = {isa = PBXBuildFile; fileRef = F4A8C63219819571001A4B4D /* main.m */; };
		F4A8C63719819571001A4B4D /* OIAAppDelegate.m in Sources */ = {isa = PBXBuildFile; fileRef = F4A8C63619819571001A4B4D /* OIAAppDelegate.m */; };
		F4A8C63919819571001A4B4D /* Images.xcassets in Resources */ = {isa = PBXBuildFile; fileRef = F4A8C63819819571001A4B4D /* Images.xcassets */; };
		F4A8C64019819571001A4B4D /* XCTest.framework in Frameworks */ = {isa = PBXBuildFile; fileRef = F4A8C63F19819571001A4B4D /* XCTest.framework */; };
		F4A8C64119819571001A4B4D /* Foundation.framework in Frameworks */ = {isa = PBXBuildFile; fileRef = F4A8C62619819571001A4B4D /* Foundation.framework */; };
		F4A8C64219819571001A4B4D /* UIKit.framework in Frameworks */ = {isa = PBXBuildFile; fileRef = F4A8C62A19819571001A4B4D /* UIKit.framework */; };
		F4A8C64A19819571001A4B4D /* InfoPlist.strings in Resources */ = {isa = PBXBuildFile; fileRef = F4A8C64819819571001A4B4D /* InfoPlist.strings */; };
		F4A8C64C19819571001A4B4D /* BlogReaderTests.m in Sources */ = {isa = PBXBuildFile; fileRef = F4A8C64B19819571001A4B4D /* BlogReaderTests.m */; };
		F4A8C656198195BE001A4B4D /* MainStoryboard.storyboard in Resources */ = {isa = PBXBuildFile; fileRef = F4A8C655198195BE001A4B4D /* MainStoryboard.storyboard */; };
		F4A8C6591981A050001A4B4D /* TableViewController.m in Sources */ = {isa = PBXBuildFile; fileRef = F4A8C6581981A050001A4B4D /* TableViewController.m */; };
		F4DA40CB1992443F0023245E /* treehouse.png in Resources */ = {isa = PBXBuildFile; fileRef = F4DA40CA1992443F0023245E /* treehouse.png */; };
		F4DA410F19936B960023245E /* WebViewController.m in Sources */ = {isa = PBXBuildFile; fileRef = F4DA410E19936B960023245E /* WebViewController.m */; };
		F4F1E44C19922F3100834ED2 /* BlogPost.m in Sources */ = {isa = PBXBuildFile; fileRef = F4F1E44B19922F3100834ED2 /* BlogPost.m */; };
/* End PBXBuildFile section */

/* Begin PBXContainerItemProxy section */
		F4A8C64319819571001A4B4D /* PBXContainerItemProxy */ = {
			isa = PBXContainerItemProxy;
			containerPortal = F4A8C61B19819571001A4B4D /* Project object */;
			proxyType = 1;
			remoteGlobalIDString = F4A8C62219819571001A4B4D;
			remoteInfo = BlogReader;
		};
/* End PBXContainerItemProxy section */

/* Begin PBXFileReference section */
		F4A8C62319819571001A4B4D /* BlogReader.app */ = {isa = PBXFileReference; explicitFileType = wrapper.application; includeInIndex = 0; path = BlogReader.app; sourceTree = BUILT_PRODUCTS_DIR; };
		F4A8C62619819571001A4B4D /* Foundation.framework */ = {isa = PBXFileReference; lastKnownFileType = wrapper.framework; name = Foundation.framework; path = System/Library/Frameworks/Foundation.framework; sourceTree = SDKROOT; };
		F4A8C62819819571001A4B4D /* CoreGraphics.framework */ = {isa = PBXFileReference; lastKnownFileType = wrapper.framework; name = CoreGraphics.framework; path = System/Library/Frameworks/CoreGraphics.framework; sourceTree = SDKROOT; };
		F4A8C62A19819571001A4B4D /* UIKit.framework */ = {isa = PBXFileReference; lastKnownFileType = wrapper.framework; name = UIKit.framework; path = System/Library/Frameworks/UIKit.framework; sourceTree = SDKROOT; };
		F4A8C62E19819571001A4B4D /* BlogReader-Info.plist */ = {isa = PBXFileReference; lastKnownFileType = text.plist.xml; path = "BlogReader-Info.plist"; sourceTree = "<group>"; };
		F4A8C63019819571001A4B4D /* en */ = {isa = PBXFileReference; lastKnownFileType = text.plist.strings; name = en; path = en.lproj/InfoPlist.strings; sourceTree = "<group>"; };
		F4A8C63219819571001A4B4D /* main.m */ = {isa = PBXFileReference; lastKnownFileType = sourcecode.c.objc; path = main.m; sourceTree = "<group>"; };
		F4A8C63419819571001A4B4D /* BlogReader-Prefix.pch */ = {isa = PBXFileReference; lastKnownFileType = sourcecode.c.h; path = "BlogReader-Prefix.pch"; sourceTree = "<group>"; };
		F4A8C63519819571001A4B4D /* OIAAppDelegate.h */ = {isa = PBXFileReference; lastKnownFileType = sourcecode.c.h; path = OIAAppDelegate.h; sourceTree = "<group>"; };
		F4A8C63619819571001A4B4D /* OIAAppDelegate.m */ = {isa = PBXFileReference; lastKnownFileType = sourcecode.c.objc; path = OIAAppDelegate.m; sourceTree = "<group>"; };
		F4A8C63819819571001A4B4D /* Images.xcassets */ = {isa = PBXFileReference; lastKnownFileType = folder.assetcatalog; path = Images.xcassets; sourceTree = "<group>"; };
		F4A8C63E19819571001A4B4D /* BlogReaderTests.xctest */ = {isa = PBXFileReference; explicitFileType = wrapper.cfbundle; includeInIndex = 0; path = BlogReaderTests.xctest; sourceTree = BUILT_PRODUCTS_DIR; };
		F4A8C63F19819571001A4B4D /* XCTest.framework */ = {isa = PBXFileReference; lastKnownFileType = wrapper.framework; name = XCTest.framework; path = Library/Frameworks/XCTest.framework; sourceTree = DEVELOPER_DIR; };
		F4A8C64719819571001A4B4D /* BlogReaderTests-Info.plist */ = {isa = PBXFileReference; lastKnownFileType = text.plist.xml; path = "BlogReaderTests-Info.plist"; sourceTree = "<group>"; };
		F4A8C64919819571001A4B4D /* en */ = {isa = PBXFileReference; lastKnownFileType = text.plist.strings; name = en; path = en.lproj/InfoPlist.strings; sourceTree = "<group>"; };
		F4A8C64B19819571001A4B4D /* BlogReaderTests.m */ = {isa = PBXFileReference; lastKnownFileType = sourcecode.c.objc; path = BlogReaderTests.m; sourceTree = "<group>"; };
		F4A8C655198195BE001A4B4D /* MainStoryboard.storyboard */ = {isa = PBXFileReference; fileEncoding = 4; lastKnownFileType = file.storyboard; path = MainStoryboard.storyboard; sourceTree = "<group>"; };
		F4A8C6571981A050001A4B4D /* TableViewController.h */ = {isa = PBXFileReference; fileEncoding = 4; lastKnownFileType = sourcecode.c.h; path = TableViewController.h; sourceTree = "<group>"; };
		F4A8C6581981A050001A4B4D /* TableViewController.m */ = {isa = PBXFileReference; fileEncoding = 4; lastKnownFileType = sourcecode.c.objc; path = TableViewController.m; sourceTree = "<group>"; };
		F4DA40CA1992443F0023245E /* treehouse.png */ = {isa = PBXFileReference; lastKnownFileType = image.png; path = treehouse.png; sourceTree = "<group>"; };
		F4DA410D19936B960023245E /* WebViewController.h */ = {isa = PBXFileReference; fileEncoding = 4; lastKnownFileType = sourcecode.c.h; path = WebViewController.h; sourceTree = "<group>"; };
		F4DA410E19936B960023245E /* WebViewController.m */ = {isa = PBXFileReference; fileEncoding = 4; lastKnownFileType = sourcecode.c.objc; path = WebViewController.m; sourceTree = "<group>"; };
		F4F1E44A19922F3100834ED2 /* BlogPost.h */ = {isa = PBXFileReference; fileEncoding = 4; lastKnownFileType = sourcecode.c.h; name = BlogPost.h; path = ../BlogPost.h; sourceTree = "<group>"; };
		F4F1E44B19922F3100834ED2 /* BlogPost.m */ = {isa = PBXFileReference; fileEncoding = 4; lastKnownFileType = sourcecode.c.objc; name = BlogPost.m; path = ../BlogPost.m; sourceTree = "<group>"; };
/* End PBXFileReference section */

/* Begin PBXFrameworksBuildPhase section */
		F4A8C62019819571001A4B4D /* Frameworks */ = {
			isa = PBXFrameworksBuildPhase;
			buildActionMask = 2147483647;
			files = (
				F4A8C62919819571001A4B4D /* CoreGraphics.framework in Frameworks */,
				F4A8C62B19819571001A4B4D /* UIKit.framework in Frameworks */,
				F4A8C62719819571001A4B4D /* Foundation.framework in Frameworks */,
			);
			runOnlyForDeploymentPostprocessing = 0;
		};
		F4A8C63B19819571001A4B4D /* Frameworks */ = {
			isa = PBXFrameworksBuildPhase;
			buildActionMask = 2147483647;
			files = (
				F4A8C64019819571001A4B4D /* XCTest.framework in Frameworks */,
				F4A8C64219819571001A4B4D /* UIKit.framework in Frameworks */,
				F4A8C64119819571001A4B4D /* Foundation.framework in Frameworks */,
			);
			runOnlyForDeploymentPostprocessing = 0;
		};
/* End PBXFrameworksBuildPhase section */

/* Begin PBXGroup section */
		F4A8C61A19819571001A4B4D = {
			isa = PBXGroup;
			children = (
				F4A8C62C19819571001A4B4D /* BlogReader */,
				F4A8C64519819571001A4B4D /* BlogReaderTests */,
				F4A8C62519819571001A4B4D /* Frameworks */,
				F4A8C62419819571001A4B4D /* Products */,
			);
			sourceTree = "<group>";
		};
		F4A8C62419819571001A4B4D /* Products */ = {
			isa = PBXGroup;
			children = (
				F4A8C62319819571001A4B4D /* BlogReader.app */,
				F4A8C63E19819571001A4B4D /* BlogReaderTests.xctest */,
			);
			name = Products;
			sourceTree = "<group>";
		};
		F4A8C62519819571001A4B4D /* Frameworks */ = {
			isa = PBXGroup;
			children = (
				F4A8C62619819571001A4B4D /* Foundation.framework */,
				F4A8C62819819571001A4B4D /* CoreGraphics.framework */,
				F4A8C62A19819571001A4B4D /* UIKit.framework */,
				F4A8C63F19819571001A4B4D /* XCTest.framework */,
			);
			name = Frameworks;
			sourceTree = "<group>";
		};
		F4A8C62C19819571001A4B4D /* BlogReader */ = {
			isa = PBXGroup;
			children = (
				F4A8C63519819571001A4B4D /* OIAAppDelegate.h */,
				F4A8C63619819571001A4B4D /* OIAAppDelegate.m */,
				F4A8C6571981A050001A4B4D /* TableViewController.h */,
				F4A8C6581981A050001A4B4D /* TableViewController.m */,
				F4A8C63819819571001A4B4D /* Images.xcassets */,
				F4A8C62D19819571001A4B4D /* Supporting Files */,
				F4A8C655198195BE001A4B4D /* MainStoryboard.storyboard */,
				F4DA410D19936B960023245E /* WebViewController.h */,
				F4DA410E19936B960023245E /* WebViewController.m */,
			);
			path = BlogReader;
			sourceTree = "<group>";
		};
		F4A8C62D19819571001A4B4D /* Supporting Files */ = {
			isa = PBXGroup;
			children = (
				F4F1E44A19922F3100834ED2 /* BlogPost.h */,
				F4F1E44B19922F3100834ED2 /* BlogPost.m */,
				F4A8C62E19819571001A4B4D /* BlogReader-Info.plist */,
				F4A8C62F19819571001A4B4D /* InfoPlist.strings */,
				F4A8C63219819571001A4B4D /* main.m */,
				F4A8C63419819571001A4B4D /* BlogReader-Prefix.pch */,
				F4DA40CA1992443F0023245E /* treehouse.png */,
			);
			name = "Supporting Files";
			sourceTree = "<group>";
		};
		F4A8C64519819571001A4B4D /* BlogReaderTests */ = {
			isa = PBXGroup;
			children = (
				F4A8C64B19819571001A4B4D /* BlogReaderTests.m */,
				F4A8C64619819571001A4B4D /* Supporting Files */,
			);
			path = BlogReaderTests;
			sourceTree = "<group>";
		};
		F4A8C64619819571001A4B4D /* Supporting Files */ = {
			isa = PBXGroup;
			children = (
				F4A8C64719819571001A4B4D /* BlogReaderTests-Info.plist */,
				F4A8C64819819571001A4B4D /* InfoPlist.strings */,
			);
			name = "Supporting Files";
			sourceTree = "<group>";
		};
/* End PBXGroup section */

/* Begin PBXNativeTarget section */
		F4A8C62219819571001A4B4D /* BlogReader */ = {
			isa = PBXNativeTarget;
			buildConfigurationList = F4A8C64F19819571001A4B4D /* Build configuration list for PBXNativeTarget "BlogReader" */;
			buildPhases = (
				F4A8C61F19819571001A4B4D /* Sources */,
				F4A8C62019819571001A4B4D /* Frameworks */,
				F4A8C62119819571001A4B4D /* Resources */,
			);
			buildRules = (
			);
			dependencies = (
			);
			name = BlogReader;
			productName = BlogReader;
			productReference = F4A8C62319819571001A4B4D /* BlogReader.app */;
			productType = "com.apple.product-type.application";
		};
		F4A8C63D19819571001A4B4D /* BlogReaderTests */ = {
			isa = PBXNativeTarget;
			buildConfigurationList = F4A8C65219819571001A4B4D /* Build configuration list for PBXNativeTarget "BlogReaderTests" */;
			buildPhases = (
				F4A8C63A19819571001A4B4D /* Sources */,
				F4A8C63B19819571001A4B4D /* Frameworks */,
				F4A8C63C19819571001A4B4D /* Resources */,
			);
			buildRules = (
			);
			dependencies = (
				F4A8C64419819571001A4B4D /* PBXTargetDependency */,
			);
			name = BlogReaderTests;
			productName = BlogReaderTests;
			productReference = F4A8C63E19819571001A4B4D /* BlogReaderTests.xctest */;
			productType = "com.apple.product-type.bundle.unit-test";
		};
/* End PBXNativeTarget section */

/* Begin PBXProject section */
		F4A8C61B19819571001A4B4D /* Project object */ = {
			isa = PBXProject;
			attributes = {
				CLASSPREFIX = OIA;
				LastUpgradeCheck = 0510;
				ORGANIZATIONNAME = "Oghosa Igbinakenzua";
				TargetAttributes = {
					F4A8C63D19819571001A4B4D = {
						TestTargetID = F4A8C62219819571001A4B4D;
					};
				};
			};
			buildConfigurationList = F4A8C61E19819571001A4B4D /* Build configuration list for PBXProject "BlogReader" */;
			compatibilityVersion = "Xcode 3.2";
			developmentRegion = English;
			hasScannedForEncodings = 0;
			knownRegions = (
				en,
			);
			mainGroup = F4A8C61A19819571001A4B4D;
			productRefGroup = F4A8C62419819571001A4B4D /* Products */;
			projectDirPath = "";
			projectRoot = "";
			targets = (
				F4A8C62219819571001A4B4D /* BlogReader */,
				F4A8C63D19819571001A4B4D /* BlogReaderTests */,
			);
		};
/* End PBXProject section */

/* Begin PBXResourcesBuildPhase section */
		F4A8C62119819571001A4B4D /* Resources */ = {
			isa = PBXResourcesBuildPhase;
			buildActionMask = 2147483647;
			files = (
				F4DA40CB1992443F0023245E /* treehouse.png in Resources */,
				F4A8C656198195BE001A4B4D /* MainStoryboard.storyboard in Resources */,
				F4A8C63119819571001A4B4D /* InfoPlist.strings in Resources */,
				F4A8C63919819571001A4B4D /* Images.xcassets in Resources */,
			);
			runOnlyForDeploymentPostprocessing = 0;
		};
		F4A8C63C19819571001A4B4D /* Resources */ = {
			isa = PBXResourcesBuildPhase;
			buildActionMask = 2147483647;
			files = (
				F4A8C64A19819571001A4B4D /* InfoPlist.strings in Resources */,
			);
			runOnlyForDeploymentPostprocessing = 0;
		};
/* End PBXResourcesBuildPhase section */

/* Begin PBXSourcesBuildPhase section */
		F4A8C61F19819571001A4B4D /* Sources */ = {
			isa = PBXSourcesBuildPhase;
			buildActionMask = 2147483647;
			files = (
				F4A8C63719819571001A4B4D /* OIAAppDelegate.m in Sources */,
				F4DA410F19936B960023245E /* WebViewController.m in Sources */,
				F4A8C6591981A050001A4B4D /* TableViewController.m in Sources */,
				F4A8C63319819571001A4B4D /* main.m in Sources */,
				F4F1E44C19922F3100834ED2 /* BlogPost.m in Sources */,
			);
			runOnlyForDeploymentPostprocessing = 0;
		};
		F4A8C63A19819571001A4B4D /* Sources */ = {
			isa = PBXSourcesBuildPhase;
			buildActionMask = 2147483647;
			files = (
				F4A8C64C19819571001A4B4D /* BlogReaderTests.m in Sources */,
			);
			runOnlyForDeploymentPostprocessing = 0;
		};
/* End PBXSourcesBuildPhase section */

/* Begin PBXTargetDependency section */
		F4A8C64419819571001A4B4D /* PBXTargetDependency */ = {
			isa = PBXTargetDependency;
			target = F4A8C62219819571001A4B4D /* BlogReader */;
			targetProxy = F4A8C64319819571001A4B4D /* PBXContainerItemProxy */;
		};
/* End PBXTargetDependency section */

/* Begin PBXVariantGroup section */
		F4A8C62F19819571001A4B4D /* InfoPlist.strings */ = {
			isa = PBXVariantGroup;
			children = (
				F4A8C63019819571001A4B4D /* en */,
			);
			name = InfoPlist.strings;
			sourceTree = "<group>";
		};
		F4A8C64819819571001A4B4D /* InfoPlist.strings */ = {
			isa = PBXVariantGroup;
			children = (
				F4A8C64919819571001A4B4D /* en */,
			);
			name = InfoPlist.strings;
			sourceTree = "<group>";
		};
/* End PBXVariantGroup section */

/* Begin XCBuildConfiguration section */
		F4A8C64D19819571001A4B4D /* Debug */ = {
			isa = XCBuildConfiguration;
			buildSettings = {
				ALWAYS_SEARCH_USER_PATHS = NO;
				CLANG_CXX_LANGUAGE_STANDARD = "gnu++0x";
				CLANG_CXX_LIBRARY = "libc++";
				CLANG_ENABLE_MODULES = YES;
				CLANG_ENABLE_OBJC_ARC = YES;
				CLANG_WARN_BOOL_CONVERSION = YES;
				CLANG_WARN_CONSTANT_CONVERSION = YES;
				CLANG_WARN_DIRECT_OBJC_ISA_USAGE = YES_ERROR;
				CLANG_WARN_EMPTY_BODY = YES;
				CLANG_WARN_ENUM_CONVERSION = YES;
				CLANG_WARN_INT_CONVERSION = YES;
				CLANG_WARN_OBJC_ROOT_CLASS = YES_ERROR;
				CLANG_WARN__DUPLICATE_METHOD_MATCH = YES;
				"CODE_SIGN_IDENTITY[sdk=iphoneos*]" = "iPhone Developer";
				COPY_PHASE_STRIP = NO;
				GCC_C_LANGUAGE_STANDARD = gnu99;
				GCC_DYNAMIC_NO_PIC = NO;
				GCC_OPTIMIZATION_LEVEL = 0;
				GCC_PREPROCESSOR_DEFINITIONS = (
					"DEBUG=1",
					"$(inherited)",
				);
				GCC_SYMBOLS_PRIVATE_EXTERN = NO;
				GCC_WARN_64_TO_32_BIT_CONVERSION = YES;
				GCC_WARN_ABOUT_RETURN_TYPE = YES_ERROR;
				GCC_WARN_UNDECLARED_SELECTOR = YES;
				GCC_WARN_UNINITIALIZED_AUTOS = YES_AGGRESSIVE;
				GCC_WARN_UNUSED_FUNCTION = YES;
				GCC_WARN_UNUSED_VARIABLE = YES;
				IPHONEOS_DEPLOYMENT_TARGET = 7.1;
				ONLY_ACTIVE_ARCH = YES;
				SDKROOT = iphoneos;
			};
			name = Debug;
		};
		F4A8C64E19819571001A4B4D /* Release */ = {
			isa = XCBuildConfiguration;
			buildSettings = {
				ALWAYS_SEARCH_USER_PATHS = NO;
				CLANG_CXX_LANGUAGE_STANDARD = "gnu++0x";
				CLANG_CXX_LIBRARY = "libc++";
				CLANG_ENABLE_MODULES = YES;
				CLANG_ENABLE_OBJC_ARC = YES;
				CLANG_WARN_BOOL_CONVERSION = YES;
				CLANG_WARN_CONSTANT_CONVERSION = YES;
				CLANG_WARN_DIRECT_OBJC_ISA_USAGE = YES_ERROR;
				CLANG_WARN_EMPTY_BODY = YES;
				CLANG_WARN_ENUM_CONVERSION = YES;
				CLANG_WARN_INT_CONVERSION = YES;
				CLANG_WARN_OBJC_ROOT_CLASS = YES_ERROR;
				CLANG_WARN__DUPLICATE_METHOD_MATCH = YES;
				"CODE_SIGN_IDENTITY[sdk=iphoneos*]" = "iPhone Developer";
				COPY_PHASE_STRIP = YES;
				ENABLE_NS_ASSERTIONS = NO;
				GCC_C_LANGUAGE_STANDARD = gnu99;
				GCC_WARN_64_TO_32_BIT_CONVERSION = YES;
				GCC_WARN_ABOUT_RETURN_TYPE = YES_ERROR;
				GCC_WARN_UNDECLARED_SELECTOR = YES;
				GCC_WARN_UNINITIALIZED_AUTOS = YES_AGGRESSIVE;
				GCC_WARN_UNUSED_FUNCTION = YES;
				GCC_WARN_UNUSED_VARIABLE = YES;
				IPHONEOS_DEPLOYMENT_TARGET = 7.1;
				SDKROOT = iphoneos;
				VALIDATE_PRODUCT = YES;
			};
			name = Release;
		};
		F4A8C65019819571001A4B4D /* Debug */ = {
			isa = XCBuildConfiguration;
			buildSettings = {
				ASSETCATALOG_COMPILER_APPICON_NAME = AppIcon;
				ASSETCATALOG_COMPILER_LAUNCHIMAGE_NAME = LaunchImage;
				GCC_PRECOMPILE_PREFIX_HEADER = YES;
				GCC_PREFIX_HEADER = "BlogReader/BlogReader-Prefix.pch";
				INFOPLIST_FILE = "BlogReader/BlogReader-Info.plist";
				PRODUCT_NAME = "$(TARGET_NAME)";
				WRAPPER_EXTENSION = app;
			};
			name = Debug;
		};
		F4A8C65119819571001A4B4D /* Release */ = {
			isa = XCBuildConfiguration;
			buildSettings = {
				ASSETCATALOG_COMPILER_APPICON_NAME = AppIcon;
				ASSETCATALOG_COMPILER_LAUNCHIMAGE_NAME = LaunchImage;
				GCC_PRECOMPILE_PREFIX_HEADER = YES;
				GCC_PREFIX_HEADER = "BlogReader/BlogReader-Prefix.pch";
				INFOPLIST_FILE = "BlogReader/BlogReader-Info.plist";
				PRODUCT_NAME = "$(TARGET_NAME)";
				WRAPPER_EXTENSION = app;
			};
			name = Release;
		};
		F4A8C65319819571001A4B4D /* Debug */ = {
			isa = XCBuildConfiguration;
			buildSettings = {
				BUNDLE_LOADER = "$(BUILT_PRODUCTS_DIR)/BlogReader.app/BlogReader";
				FRAMEWORK_SEARCH_PATHS = (
					"$(SDKROOT)/Developer/Library/Frameworks",
					"$(inherited)",
					"$(DEVELOPER_FRAMEWORKS_DIR)",
				);
				GCC_PRECOMPILE_PREFIX_HEADER = YES;
				GCC_PREFIX_HEADER = "BlogReader/BlogReader-Prefix.pch";
				GCC_PREPROCESSOR_DEFINITIONS = (
					"DEBUG=1",
					"$(inherited)",
				);
				INFOPLIST_FILE = "BlogReaderTests/BlogReaderTests-Info.plist";
				PRODUCT_NAME = "$(TARGET_NAME)";
				TEST_HOST = "$(BUNDLE_LOADER)";
				WRAPPER_EXTENSION = xctest;
			};
			name = Debug;
		};
		F4A8C65419819571001A4B4D /* Release */ = {
			isa = XCBuildConfiguration;
			buildSettings = {
				BUNDLE_LOADER = "$(BUILT_PRODUCTS_DIR)/BlogReader.app/BlogReader";
				FRAMEWORK_SEARCH_PATHS = (
					"$(SDKROOT)/Developer/Library/Frameworks",
					"$(inherited)",
					"$(DEVELOPER_FRAMEWORKS_DIR)",
				);
				GCC_PRECOMPILE_PREFIX_HEADER = YES;
				GCC_PREFIX_HEADER = "BlogReader/BlogReader-Prefix.pch";
				INFOPLIST_FILE = "BlogReaderTests/BlogReaderTests-Info.plist";
				PRODUCT_NAME = "$(TARGET_NAME)";
				TEST_HOST = "$(BUNDLE_LOADER)";
				WRAPPER_EXTENSION = xctest;
			};
			name = Release;
		};
/* End XCBuildConfiguration section */

/* Begin XCConfigurationList section */
		F4A8C61E19819571001A4B4D /* Build configuration list for PBXProject "BlogReader" */ = {
			isa = XCConfigurationList;
			buildConfigurations = (
				F4A8C64D19819571001A4B4D /* Debug */,
				F4A8C64E19819571001A4B4D /* Release */,
			);
			defaultConfigurationIsVisible = 0;
			defaultConfigurationName = Release;
		};
		F4A8C64F19819571001A4B4D /* Build configuration list for PBXNativeTarget "BlogReader" */ = {
			isa = XCConfigurationList;
			buildConfigurations = (
				F4A8C65019819571001A4B4D /* Debug */,
				F4A8C65119819571001A4B4D /* Release */,
			);
			defaultConfigurationIsVisible = 0;
			defaultConfigurationName = Release;
		};
		F4A8C65219819571001A4B4D /* Build configuration list for PBXNativeTarget "BlogReaderTests" */ = {
			isa = XCConfigurationList;
			buildConfigurations = (
				F4A8C65319819571001A4B4D /* Debug */,
				F4A8C65419819571001A4B4D /* Release */,
			);
			defaultConfigurationIsVisible = 0;
			defaultConfigurationName = Release;
		};
/* End XCConfigurationList section */
	};
	rootObject = F4A8C61B19819571001A4B4D /* Project object */;
}
